
Microsoft Visual Studio Solution File, Format Version 12.00
# Visual Studio Version 17
VisualStudioVersion = 17.4.33205.214
MinimumVisualStudioVersion = 10.0.40219.1
Project("{FAE04EC0-301F-11D3-BF4B-00C04F79EFBC}") = "Pecolzz", "Pecolzz.csproj", "{4C792CC2-7B1E-43BE-8611-DC968EF4769A}"
EndProject
Global
	GlobalSection(SolutionConfigurationPlatforms) = preSolution
		Debug|Any CPU = Debug|Any CPU
		Release|Any CPU = Release|Any CPU
	EndGlobalSection
	GlobalSection(ProjectConfigurationPlatforms) = postSolution
		{4C792CC2-7B1E-43BE-8611-DC968EF4769A}.Debug|Any CPU.ActiveCfg = Debug|Any CPU
		{4C792CC2-7B1E-43BE-8611-DC968EF4769A}.Debug|Any CPU.Build.0 = Debug|Any CPU
		{4C792CC2-7B1E-43BE-8611-DC968EF4769A}.Release|Any CPU.ActiveCfg = Release|Any CPU
		{4C792CC2-7B1E-43BE-8611-DC968EF4769A}.Release|Any CPU.Build.0 = Release|Any CPU
	EndGlobalSection
	GlobalSection(SolutionProperties) = preSolution
		HideSolutionNode = FALSE
	EndGlobalSection
	GlobalSection(ExtensibilityGlobals) = postSolution
		SolutionGuid = {D06A7E34-1CBE-4741-B2DE-F52BB9DBF453}
	EndGlobalSection
EndGlobal
